// !$*UTF8*$!
{
	archiveVersion = 1;
	classes = {
	};
	objectVersion = 50;
	objects = {

/* Begin PBXBuildFile section */
		5ACD98B9B223856AF2162DCC /* Pods_Instagram.framework in Frameworks */ = {isa = PBXBuildFile; fileRef = 4E2B9FE46B42F5F69FC64555 /* Pods_Instagram.framework */; };
		F605BB9D215BC4C800A99FD3 /* ComentViewController.swift in Sources */ = {isa = PBXBuildFile; fileRef = F605BB9C215BC4C800A99FD3 /* ComentViewController.swift */; };
		F623521B2148C10500C3FCF1 /* AppDelegate.swift in Sources */ = {isa = PBXBuildFile; fileRef = F623521A2148C10500C3FCF1 /* AppDelegate.swift */; };
		F623521D2148C10500C3FCF1 /* ViewController.swift in Sources */ = {isa = PBXBuildFile; fileRef = F623521C2148C10500C3FCF1 /* ViewController.swift */; };
		F62352202148C10500C3FCF1 /* Main.storyboard in Resources */ = {isa = PBXBuildFile; fileRef = F623521E2148C10500C3FCF1 /* Main.storyboard */; };
		F62352222148C10700C3FCF1 /* Assets.xcassets in Resources */ = {isa = PBXBuildFile; fileRef = F62352212148C10700C3FCF1 /* Assets.xcassets */; };
		F62352252148C10700C3FCF1 /* LaunchScreen.storyboard in Resources */ = {isa = PBXBuildFile; fileRef = F62352232148C10700C3FCF1 /* LaunchScreen.storyboard */; };
		F623522D2148C1D600C3FCF1 /* LoginViewController.swift in Sources */ = {isa = PBXBuildFile; fileRef = F623522C2148C1D600C3FCF1 /* LoginViewController.swift */; };
		F623522F2148C1EA00C3FCF1 /* HomeViewController.swift in Sources */ = {isa = PBXBuildFile; fileRef = F623522E2148C1EA00C3FCF1 /* HomeViewController.swift */; };
		F62352312148C20A00C3FCF1 /* ImageSelectViewController.swift in Sources */ = {isa = PBXBuildFile; fileRef = F62352302148C20A00C3FCF1 /* ImageSelectViewController.swift */; };
		F62352332148C21500C3FCF1 /* PostViewController.swift in Sources */ = {isa = PBXBuildFile; fileRef = F62352322148C21500C3FCF1 /* PostViewController.swift */; };
		F62352352148C22700C3FCF1 /* SettingViewController.swift in Sources */ = {isa = PBXBuildFile; fileRef = F62352342148C22700C3FCF1 /* SettingViewController.swift */; };
		F63D1EA22148D7A900F2FB4B /* GoogleService-Info.plist in Resources */ = {isa = PBXBuildFile; fileRef = F63D1EA12148D7A900F2FB4B /* GoogleService-Info.plist */; };
		F6F2255321590BE200DC4514 /* Const.swift in Sources */ = {isa = PBXBuildFile; fileRef = F6F2255221590BE200DC4514 /* Const.swift */; };
		F6F2255521591FD800DC4514 /* PostData.swift in Sources */ = {isa = PBXBuildFile; fileRef = F6F2255421591FD800DC4514 /* PostData.swift */; };
		F6F225582159240700DC4514 /* PostTableViewCell.swift in Sources */ = {isa = PBXBuildFile; fileRef = F6F225562159240700DC4514 /* PostTableViewCell.swift */; };
		F6F225592159240700DC4514 /* PostTableViewCell.xib in Resources */ = {isa = PBXBuildFile; fileRef = F6F225572159240700DC4514 /* PostTableViewCell.xib */; };
		F6F7AB45215CB3E200DDDE7D /* WatchComentViewController.swift in Sources */ = {isa = PBXBuildFile; fileRef = F6F7AB44215CB3E200DDDE7D /* WatchComentViewController.swift */; };
		F6F7AB48215CB5EA00DDDE7D /* ComentTableViewCell.swift in Sources */ = {isa = PBXBuildFile; fileRef = F6F7AB46215CB5EA00DDDE7D /* ComentTableViewCell.swift */; };
		F6F7AB49215CB5EA00DDDE7D /* ComentTableViewCell.xib in Resources */ = {isa = PBXBuildFile; fileRef = F6F7AB47215CB5EA00DDDE7D /* ComentTableViewCell.xib */; };
		F6F7AB4B215CBA8400DDDE7D /* ComentData.swift in Sources */ = {isa = PBXBuildFile; fileRef = F6F7AB4A215CBA8400DDDE7D /* ComentData.swift */; };
/* End PBXBuildFile section */

/* Begin PBXFileReference section */
		357AA2A4FA965619D9165C43 /* Pods-Instagram.release.xcconfig */ = {isa = PBXFileReference; includeInIndex = 1; lastKnownFileType = text.xcconfig; name = "Pods-Instagram.release.xcconfig"; path = "Pods/Target Support Files/Pods-Instagram/Pods-Instagram.release.xcconfig"; sourceTree = "<group>"; };
		4E2B9FE46B42F5F69FC64555 /* Pods_Instagram.framework */ = {isa = PBXFileReference; explicitFileType = wrapper.framework; includeInIndex = 0; path = Pods_Instagram.framework; sourceTree = BUILT_PRODUCTS_DIR; };
		CA5D23432AF2838E45ADA41D /* Pods-Instagram.debug.xcconfig */ = {isa = PBXFileReference; includeInIndex = 1; lastKnownFileType = text.xcconfig; name = "Pods-Instagram.debug.xcconfig"; path = "Pods/Target Support Files/Pods-Instagram/Pods-Instagram.debug.xcconfig"; sourceTree = "<group>"; };
		F605BB9C215BC4C800A99FD3 /* ComentViewController.swift */ = {isa = PBXFileReference; lastKnownFileType = sourcecode.swift; path = ComentViewController.swift; sourceTree = "<group>"; };
		F62352172148C10500C3FCF1 /* Instagram.app */ = {isa = PBXFileReference; explicitFileType = wrapper.application; includeInIndex = 0; path = Instagram.app; sourceTree = BUILT_PRODUCTS_DIR; };
		F623521A2148C10500C3FCF1 /* AppDelegate.swift */ = {isa = PBXFileReference; lastKnownFileType = sourcecode.swift; path = AppDelegate.swift; sourceTree = "<group>"; };
		F623521C2148C10500C3FCF1 /* ViewController.swift */ = {isa = PBXFileReference; lastKnownFileType = sourcecode.swift; path = ViewController.swift; sourceTree = "<group>"; };
		F623521F2148C10500C3FCF1 /* Base */ = {isa = PBXFileReference; lastKnownFileType = file.storyboard; name = Base; path = Base.lproj/Main.storyboard; sourceTree = "<group>"; };
		F62352212148C10700C3FCF1 /* Assets.xcassets */ = {isa = PBXFileReference; lastKnownFileType = folder.assetcatalog; path = Assets.xcassets; sourceTree = "<group>"; };
		F62352242148C10700C3FCF1 /* Base */ = {isa = PBXFileReference; lastKnownFileType = file.storyboard; name = Base; path = Base.lproj/LaunchScreen.storyboard; sourceTree = "<group>"; };
		F62352262148C10700C3FCF1 /* Info.plist */ = {isa = PBXFileReference; lastKnownFileType = text.plist.xml; path = Info.plist; sourceTree = "<group>"; };
		F623522C2148C1D600C3FCF1 /* LoginViewController.swift */ = {isa = PBXFileReference; lastKnownFileType = sourcecode.swift; path = LoginViewController.swift; sourceTree = "<group>"; };
		F623522E2148C1EA00C3FCF1 /* HomeViewController.swift */ = {isa = PBXFileReference; lastKnownFileType = sourcecode.swift; path = HomeViewController.swift; sourceTree = "<group>"; };
		F62352302148C20A00C3FCF1 /* ImageSelectViewController.swift */ = {isa = PBXFileReference; lastKnownFileType = sourcecode.swift; path = ImageSelectViewController.swift; sourceTree = "<group>"; };
		F62352322148C21500C3FCF1 /* PostViewController.swift */ = {isa = PBXFileReference; lastKnownFileType = sourcecode.swift; path = PostViewController.swift; sourceTree = "<group>"; };
		F62352342148C22700C3FCF1 /* SettingViewController.swift */ = {isa = PBXFileReference; lastKnownFileType = sourcecode.swift; path = SettingViewController.swift; sourceTree = "<group>"; };
		F63D1EA12148D7A900F2FB4B /* GoogleService-Info.plist */ = {isa = PBXFileReference; fileEncoding = 4; lastKnownFileType = text.plist.xml; path = "GoogleService-Info.plist"; sourceTree = "<group>"; };
		F6F2255221590BE200DC4514 /* Const.swift */ = {isa = PBXFileReference; lastKnownFileType = sourcecode.swift; path = Const.swift; sourceTree = "<group>"; };
		F6F2255421591FD800DC4514 /* PostData.swift */ = {isa = PBXFileReference; lastKnownFileType = sourcecode.swift; path = PostData.swift; sourceTree = "<group>"; };
		F6F225562159240700DC4514 /* PostTableViewCell.swift */ = {isa = PBXFileReference; lastKnownFileType = sourcecode.swift; path = PostTableViewCell.swift; sourceTree = "<group>"; };
		F6F225572159240700DC4514 /* PostTableViewCell.xib */ = {isa = PBXFileReference; lastKnownFileType = file.xib; path = PostTableViewCell.xib; sourceTree = "<group>"; };
		F6F7AB44215CB3E200DDDE7D /* WatchComentViewController.swift */ = {isa = PBXFileReference; lastKnownFileType = sourcecode.swift; path = WatchComentViewController.swift; sourceTree = "<group>"; };
		F6F7AB46215CB5EA00DDDE7D /* ComentTableViewCell.swift */ = {isa = PBXFileReference; lastKnownFileType = sourcecode.swift; path = ComentTableViewCell.swift; sourceTree = "<group>"; };
		F6F7AB47215CB5EA00DDDE7D /* ComentTableViewCell.xib */ = {isa = PBXFileReference; lastKnownFileType = file.xib; path = ComentTableViewCell.xib; sourceTree = "<group>"; };
		F6F7AB4A215CBA8400DDDE7D /* ComentData.swift */ = {isa = PBXFileReference; lastKnownFileType = sourcecode.swift; path = ComentData.swift; sourceTree = "<group>"; };
/* End PBXFileReference section */

/* Begin PBXFrameworksBuildPhase section */
		F62352142148C10500C3FCF1 /* Frameworks */ = {
			isa = PBXFrameworksBuildPhase;
			buildActionMask = 2147483647;
			files = (
				5ACD98B9B223856AF2162DCC /* Pods_Instagram.framework in Frameworks */,
			);
			runOnlyForDeploymentPostprocessing = 0;
		};
/* End PBXFrameworksBuildPhase section */

/* Begin PBXGroup section */
		59FA7EE225BF9AC1E2F99039 /* Pods */ = {
			isa = PBXGroup;
			children = (
				CA5D23432AF2838E45ADA41D /* Pods-Instagram.debug.xcconfig */,
				357AA2A4FA965619D9165C43 /* Pods-Instagram.release.xcconfig */,
			);
			name = Pods;
			sourceTree = "<group>";
		};
		760F3F3EF43D0130C59C936D /* Frameworks */ = {
			isa = PBXGroup;
			children = (
				4E2B9FE46B42F5F69FC64555 /* Pods_Instagram.framework */,
			);
			name = Frameworks;
			sourceTree = "<group>";
		};
		F605BB99215B898E00A99FD3 /* ViewController */ = {
			isa = PBXGroup;
			children = (
				F623521A2148C10500C3FCF1 /* AppDelegate.swift */,
				F623521C2148C10500C3FCF1 /* ViewController.swift */,
				F623522C2148C1D600C3FCF1 /* LoginViewController.swift */,
				F62352302148C20A00C3FCF1 /* ImageSelectViewController.swift */,
				F62352322148C21500C3FCF1 /* PostViewController.swift */,
				F62352342148C22700C3FCF1 /* SettingViewController.swift */,
				F623522E2148C1EA00C3FCF1 /* HomeViewController.swift */,
				F605BB9C215BC4C800A99FD3 /* ComentViewController.swift */,
				F6F7AB44215CB3E200DDDE7D /* WatchComentViewController.swift */,
			);
			path = ViewController;
			sourceTree = "<group>";
		};
		F605BB9A215B997000A99FD3 /* PostTableviewCell */ = {
			isa = PBXGroup;
			children = (
				F6F225562159240700DC4514 /* PostTableViewCell.swift */,
				F6F225572159240700DC4514 /* PostTableViewCell.xib */,
				F6F7AB46215CB5EA00DDDE7D /* ComentTableViewCell.swift */,
				F6F7AB47215CB5EA00DDDE7D /* ComentTableViewCell.xib */,
			);
			path = PostTableviewCell;
			sourceTree = "<group>";
		};
		F605BB9B215B99A600A99FD3 /* Classes */ = {
			isa = PBXGroup;
			children = (
				F6F2255221590BE200DC4514 /* Const.swift */,
				F6F2255421591FD800DC4514 /* PostData.swift */,
				F6F7AB4A215CBA8400DDDE7D /* ComentData.swift */,
			);
			path = Classes;
			sourceTree = "<group>";
		};
		F623520E2148C10400C3FCF1 = {
			isa = PBXGroup;
			children = (
				F62352192148C10500C3FCF1 /* Instagram */,
				F62352182148C10500C3FCF1 /* Products */,
				59FA7EE225BF9AC1E2F99039 /* Pods */,
				760F3F3EF43D0130C59C936D /* Frameworks */,
			);
			sourceTree = "<group>";
		};
		F62352182148C10500C3FCF1 /* Products */ = {
			isa = PBXGroup;
			children = (
				F62352172148C10500C3FCF1 /* Instagram.app */,
			);
			name = Products;
			sourceTree = "<group>";
		};
		F62352192148C10500C3FCF1 /* Instagram */ = {
			isa = PBXGroup;
			children = (
				F605BB99215B898E00A99FD3 /* ViewController */,
				F623521E2148C10500C3FCF1 /* Main.storyboard */,
				F605BB9A215B997000A99FD3 /* PostTableviewCell */,
				F605BB9B215B99A600A99FD3 /* Classes */,
				F62352212148C10700C3FCF1 /* Assets.xcassets */,
				F62352232148C10700C3FCF1 /* LaunchScreen.storyboard */,
				F62352262148C10700C3FCF1 /* Info.plist */,
				F63D1EA12148D7A900F2FB4B /* GoogleService-Info.plist */,
			);
			path = Instagram;
			sourceTree = "<group>";
		};
/* End PBXGroup section */

/* Begin PBXNativeTarget section */
		F62352162148C10500C3FCF1 /* Instagram */ = {
			isa = PBXNativeTarget;
			buildConfigurationList = F62352292148C10700C3FCF1 /* Build configuration list for PBXNativeTarget "Instagram" */;
			buildPhases = (
				DB595850F1F6829DECB06FDD /* [CP] Check Pods Manifest.lock */,
				F62352132148C10500C3FCF1 /* Sources */,
				F62352142148C10500C3FCF1 /* Frameworks */,
				F62352152148C10500C3FCF1 /* Resources */,
				8294D9086FB4B27D6CA17EB7 /* [CP] Embed Pods Frameworks */,
			);
			buildRules = (
			);
			dependencies = (
			);
			name = Instagram;
			productName = Instagram;
			productReference = F62352172148C10500C3FCF1 /* Instagram.app */;
			productType = "com.apple.product-type.application";
		};
/* End PBXNativeTarget section */

/* Begin PBXProject section */
		F623520F2148C10400C3FCF1 /* Project object */ = {
			isa = PBXProject;
			attributes = {
				LastSwiftUpdateCheck = 0940;
				LastUpgradeCheck = 0940;
				ORGANIZATIONNAME = "Hirotaka Matsumoto";
				TargetAttributes = {
					F62352162148C10500C3FCF1 = {
						CreatedOnToolsVersion = 9.4.1;
						LastSwiftMigration = 1000;
					};
				};
			};
			buildConfigurationList = F62352122148C10400C3FCF1 /* Build configuration list for PBXProject "Instagram" */;
			compatibilityVersion = "Xcode 9.3";
			developmentRegion = en;
			hasScannedForEncodings = 0;
			knownRegions = (
				en,
				Base,
			);
			mainGroup = F623520E2148C10400C3FCF1;
			productRefGroup = F62352182148C10500C3FCF1 /* Products */;
			projectDirPath = "";
			projectRoot = "";
			targets = (
				F62352162148C10500C3FCF1 /* Instagram */,
			);
		};
/* End PBXProject section */

/* Begin PBXResourcesBuildPhase section */
		F62352152148C10500C3FCF1 /* Resources */ = {
			isa = PBXResourcesBuildPhase;
			buildActionMask = 2147483647;
			files = (
				F62352252148C10700C3FCF1 /* LaunchScreen.storyboard in Resources */,
				F6F225592159240700DC4514 /* PostTableViewCell.xib in Resources */,
				F63D1EA22148D7A900F2FB4B /* GoogleService-Info.plist in Resources */,
				F6F7AB49215CB5EA00DDDE7D /* ComentTableViewCell.xib in Resources */,
				F62352222148C10700C3FCF1 /* Assets.xcassets in Resources */,
				F62352202148C10500C3FCF1 /* Main.storyboard in Resources */,
			);
			runOnlyForDeploymentPostprocessing = 0;
		};
/* End PBXResourcesBuildPhase section */

/* Begin PBXShellScriptBuildPhase section */
		8294D9086FB4B27D6CA17EB7 /* [CP] Embed Pods Frameworks */ = {
			isa = PBXShellScriptBuildPhase;
			buildActionMask = 2147483647;
			files = (
			);
			inputPaths = (
				"${SRCROOT}/Pods/Target Support Files/Pods-Instagram/Pods-Instagram-frameworks.sh",
				"${BUILT_PRODUCTS_DIR}/CLImageEditor/CLImageEditor.framework",
				"${BUILT_PRODUCTS_DIR}/ESTabBarController/ESTabBarController.framework",
				"${BUILT_PRODUCTS_DIR}/GTMSessionFetcher/GTMSessionFetcher.framework",
				"${BUILT_PRODUCTS_DIR}/GoogleToolboxForMac/GoogleToolboxForMac.framework",
				"${BUILT_PRODUCTS_DIR}/SVProgressHUD/SVProgressHUD.framework",
				"${BUILT_PRODUCTS_DIR}/leveldb-library/leveldb.framework",
				"${BUILT_PRODUCTS_DIR}/nanopb/nanopb.framework",
			);
			name = "[CP] Embed Pods Frameworks";
			outputPaths = (
				"${TARGET_BUILD_DIR}/${FRAMEWORKS_FOLDER_PATH}/CLImageEditor.framework",
				"${TARGET_BUILD_DIR}/${FRAMEWORKS_FOLDER_PATH}/ESTabBarController.framework",
				"${TARGET_BUILD_DIR}/${FRAMEWORKS_FOLDER_PATH}/GTMSessionFetcher.framework",
				"${TARGET_BUILD_DIR}/${FRAMEWORKS_FOLDER_PATH}/GoogleToolboxForMac.framework",
				"${TARGET_BUILD_DIR}/${FRAMEWORKS_FOLDER_PATH}/SVProgressHUD.framework",
				"${TARGET_BUILD_DIR}/${FRAMEWORKS_FOLDER_PATH}/leveldb.framework",
				"${TARGET_BUILD_DIR}/${FRAMEWORKS_FOLDER_PATH}/nanopb.framework",
			);
			runOnlyForDeploymentPostprocessing = 0;
			shellPath = /bin/sh;
			shellScript = "\"${SRCROOT}/Pods/Target Support Files/Pods-Instagram/Pods-Instagram-frameworks.sh\"\n";
			showEnvVarsInLog = 0;
		};
		DB595850F1F6829DECB06FDD /* [CP] Check Pods Manifest.lock */ = {
			isa = PBXShellScriptBuildPhase;
			buildActionMask = 2147483647;
			files = (
			);
			inputPaths = (
				"${PODS_PODFILE_DIR_PATH}/Podfile.lock",
				"${PODS_ROOT}/Manifest.lock",
			);
			name = "[CP] Check Pods Manifest.lock";
			outputPaths = (
				"$(DERIVED_FILE_DIR)/Pods-Instagram-checkManifestLockResult.txt",
			);
			runOnlyForDeploymentPostprocessing = 0;
			shellPath = /bin/sh;
			shellScript = "diff \"${PODS_PODFILE_DIR_PATH}/Podfile.lock\" \"${PODS_ROOT}/Manifest.lock\" > /dev/null\nif [ $? != 0 ] ; then\n    # print error to STDERR\n    echo \"error: The sandbox is not in sync with the Podfile.lock. Run 'pod install' or update your CocoaPods installation.\" >&2\n    exit 1\nfi\n# This output is used by Xcode 'outputs' to avoid re-running this script phase.\necho \"SUCCESS\" > \"${SCRIPT_OUTPUT_FILE_0}\"\n";
			showEnvVarsInLog = 0;
		};
/* End PBXShellScriptBuildPhase section */

/* Begin PBXSourcesBuildPhase section */
		F62352132148C10500C3FCF1 /* Sources */ = {
			isa = PBXSourcesBuildPhase;
			buildActionMask = 2147483647;
			files = (
				F62352332148C21500C3FCF1 /* PostViewController.swift in Sources */,
				F6F2255521591FD800DC4514 /* PostData.swift in Sources */,
				F623522D2148C1D600C3FCF1 /* LoginViewController.swift in Sources */,
				F605BB9D215BC4C800A99FD3 /* ComentViewController.swift in Sources */,
				F623521D2148C10500C3FCF1 /* ViewController.swift in Sources */,
				F623521B2148C10500C3FCF1 /* AppDelegate.swift in Sources */,
				F6F7AB4B215CBA8400DDDE7D /* ComentData.swift in Sources */,
				F6F7AB45215CB3E200DDDE7D /* WatchComentViewController.swift in Sources */,
				F62352312148C20A00C3FCF1 /* ImageSelectViewController.swift in Sources */,
				F6F2255321590BE200DC4514 /* Const.swift in Sources */,
				F6F225582159240700DC4514 /* PostTableViewCell.swift in Sources */,
				F6F7AB48215CB5EA00DDDE7D /* ComentTableViewCell.swift in Sources */,
				F62352352148C22700C3FCF1 /* SettingViewController.swift in Sources */,
				F623522F2148C1EA00C3FCF1 /* HomeViewController.swift in Sources */,
			);
			runOnlyForDeploymentPostprocessing = 0;
		};
/* End PBXSourcesBuildPhase section */

/* Begin PBXVariantGroup section */
		F623521E2148C10500C3FCF1 /* Main.storyboard */ = {
			isa = PBXVariantGroup;
			children = (
				F623521F2148C10500C3FCF1 /* Base */,
			);
			name = Main.storyboard;
			sourceTree = "<group>";
		};
		F62352232148C10700C3FCF1 /* LaunchScreen.storyboard */ = {
			isa = PBXVariantGroup;
			children = (
				F62352242148C10700C3FCF1 /* Base */,
			);
			name = LaunchScreen.storyboard;
			sourceTree = "<group>";
		};
/* End PBXVariantGroup section */

/* Begin XCBuildConfiguration section */
		F62352272148C10700C3FCF1 /* Debug */ = {
			isa = XCBuildConfiguration;
			buildSettings = {
				ALWAYS_SEARCH_USER_PATHS = NO;
				CLANG_ANALYZER_NONNULL = YES;
				CLANG_ANALYZER_NUMBER_OBJECT_CONVERSION = YES_AGGRESSIVE;
				CLANG_CXX_LANGUAGE_STANDARD = "gnu++14";
				CLANG_CXX_LIBRARY = "libc++";
				CLANG_ENABLE_MODULES = YES;
				CLANG_ENABLE_OBJC_ARC = YES;
				CLANG_ENABLE_OBJC_WEAK = YES;
				CLANG_WARN_BLOCK_CAPTURE_AUTORELEASING = YES;
				CLANG_WARN_BOOL_CONVERSION = YES;
				CLANG_WARN_COMMA = YES;
				CLANG_WARN_CONSTANT_CONVERSION = YES;
				CLANG_WARN_DEPRECATED_OBJC_IMPLEMENTATIONS = YES;
				CLANG_WARN_DIRECT_OBJC_ISA_USAGE = YES_ERROR;
				CLANG_WARN_DOCUMENTATION_COMMENTS = YES;
				CLANG_WARN_EMPTY_BODY = YES;
				CLANG_WARN_ENUM_CONVERSION = YES;
				CLANG_WARN_INFINITE_RECURSION = YES;
				CLANG_WARN_INT_CONVERSION = YES;
				CLANG_WARN_NON_LITERAL_NULL_CONVERSION = YES;
				CLANG_WARN_OBJC_IMPLICIT_RETAIN_SELF = YES;
				CLANG_WARN_OBJC_LITERAL_CONVERSION = YES;
				CLANG_WARN_OBJC_ROOT_CLASS = YES_ERROR;
				CLANG_WARN_RANGE_LOOP_ANALYSIS = YES;
				CLANG_WARN_STRICT_PROTOTYPES = YES;
				CLANG_WARN_SUSPICIOUS_MOVE = YES;
				CLANG_WARN_UNGUARDED_AVAILABILITY = YES_AGGRESSIVE;
				CLANG_WARN_UNREACHABLE_CODE = YES;
				CLANG_WARN__DUPLICATE_METHOD_MATCH = YES;
				CODE_SIGN_IDENTITY = "iPhone Developer";
				COPY_PHASE_STRIP = NO;
				DEBUG_INFORMATION_FORMAT = dwarf;
				ENABLE_STRICT_OBJC_MSGSEND = YES;
				ENABLE_TESTABILITY = YES;
				GCC_C_LANGUAGE_STANDARD = gnu11;
				GCC_DYNAMIC_NO_PIC = NO;
				GCC_NO_COMMON_BLOCKS = YES;
				GCC_OPTIMIZATION_LEVEL = 0;
				GCC_PREPROCESSOR_DEFINITIONS = (
					"DEBUG=1",
					"$(inherited)",
				);
				GCC_WARN_64_TO_32_BIT_CONVERSION = YES;
				GCC_WARN_ABOUT_RETURN_TYPE = YES_ERROR;
				GCC_WARN_UNDECLARED_SELECTOR = YES;
				GCC_WARN_UNINITIALIZED_AUTOS = YES_AGGRESSIVE;
				GCC_WARN_UNUSED_FUNCTION = YES;
				GCC_WARN_UNUSED_VARIABLE = YES;
				IPHONEOS_DEPLOYMENT_TARGET = 11.4;
				MTL_ENABLE_DEBUG_INFO = YES;
				ONLY_ACTIVE_ARCH = YES;
				SDKROOT = iphoneos;
				SWIFT_ACTIVE_COMPILATION_CONDITIONS = DEBUG;
				SWIFT_OPTIMIZATION_LEVEL = "-Onone";
			};
			name = Debug;
		};
		F62352282148C10700C3FCF1 /* Release */ = {
			isa = XCBuildConfiguration;
			buildSettings = {
				ALWAYS_SEARCH_USER_PATHS = NO;
				CLANG_ANALYZER_NONNULL = YES;
				CLANG_ANALYZER_NUMBER_OBJECT_CONVERSION = YES_AGGRESSIVE;
				CLANG_CXX_LANGUAGE_STANDARD = "gnu++14";
				CLANG_CXX_LIBRARY = "libc++";
				CLANG_ENABLE_MODULES = YES;
				CLANG_ENABLE_OBJC_ARC = YES;
				CLANG_ENABLE_OBJC_WEAK = YES;
				CLANG_WARN_BLOCK_CAPTURE_AUTORELEASING = YES;
				CLANG_WARN_BOOL_CONVERSION = YES;
				CLANG_WARN_COMMA = YES;
				CLANG_WARN_CONSTANT_CONVERSION = YES;
				CLANG_WARN_DEPRECATED_OBJC_IMPLEMENTATIONS = YES;
				CLANG_WARN_DIRECT_OBJC_ISA_USAGE = YES_ERROR;
				CLANG_WARN_DOCUMENTATION_COMMENTS = YES;
				CLANG_WARN_EMPTY_BODY = YES;
				CLANG_WARN_ENUM_CONVERSION = YES;
				CLANG_WARN_INFINITE_RECURSION = YES;
				CLANG_WARN_INT_CONVERSION = YES;
				CLANG_WARN_NON_LITERAL_NULL_CONVERSION = YES;
				CLANG_WARN_OBJC_IMPLICIT_RETAIN_SELF = YES;
				CLANG_WARN_OBJC_LITERAL_CONVERSION = YES;
				CLANG_WARN_OBJC_ROOT_CLASS = YES_ERROR;
				CLANG_WARN_RANGE_LOOP_ANALYSIS = YES;
				CLANG_WARN_STRICT_PROTOTYPES = YES;
				CLANG_WARN_SUSPICIOUS_MOVE = YES;
				CLANG_WARN_UNGUARDED_AVAILABILITY = YES_AGGRESSIVE;
				CLANG_WARN_UNREACHABLE_CODE = YES;
				CLANG_WARN__DUPLICATE_METHOD_MATCH = YES;
				CODE_SIGN_IDENTITY = "iPhone Developer";
				COPY_PHASE_STRIP = NO;
				DEBUG_INFORMATION_FORMAT = "dwarf-with-dsym";
				ENABLE_NS_ASSERTIONS = NO;
				ENABLE_STRICT_OBJC_MSGSEND = YES;
				GCC_C_LANGUAGE_STANDARD = gnu11;
				GCC_NO_COMMON_BLOCKS = YES;
				GCC_WARN_64_TO_32_BIT_CONVERSION = YES;
				GCC_WARN_ABOUT_RETURN_TYPE = YES_ERROR;
				GCC_WARN_UNDECLARED_SELECTOR = YES;
				GCC_WARN_UNINITIALIZED_AUTOS = YES_AGGRESSIVE;
				GCC_WARN_UNUSED_FUNCTION = YES;
				GCC_WARN_UNUSED_VARIABLE = YES;
				IPHONEOS_DEPLOYMENT_TARGET = 11.4;
				MTL_ENABLE_DEBUG_INFO = NO;
				SDKROOT = iphoneos;
				SWIFT_COMPILATION_MODE = wholemodule;
				SWIFT_OPTIMIZATION_LEVEL = "-O";
				VALIDATE_PRODUCT = YES;
			};
			name = Release;
		};
		F623522A2148C10700C3FCF1 /* Debug */ = {
			isa = XCBuildConfiguration;
			baseConfigurationReference = CA5D23432AF2838E45ADA41D /* Pods-Instagram.debug.xcconfig */;
			buildSettings = {
				ASSETCATALOG_COMPILER_APPICON_NAME = AppIcon;
				CODE_SIGN_STYLE = Automatic;
				DEVELOPMENT_TEAM = AUPQ69FZW5;
				INFOPLIST_FILE = Instagram/Info.plist;
				LD_RUNPATH_SEARCH_PATHS = (
					"$(inherited)",
					"@executable_path/Frameworks",
				);
				PRODUCT_BUNDLE_IDENTIFIER = jp.techacademy.hirotaka.matsumoto.Instagram;
				PRODUCT_NAME = "$(TARGET_NAME)";
				SWIFT_VERSION = 4.2;
				TARGETED_DEVICE_FAMILY = 1;
			};
			name = Debug;
		};
		F623522B2148C10700C3FCF1 /* Release */ = {
			isa = XCBuildConfiguration;
			baseConfigurationReference = 357AA2A4FA965619D9165C43 /* Pods-Instagram.release.xcconfig */;
			buildSettings = {
				ASSETCATALOG_COMPILER_APPICON_NAME = AppIcon;
				CODE_SIGN_STYLE = Automatic;
				DEVELOPMENT_TEAM = AUPQ69FZW5;
				INFOPLIST_FILE = Instagram/Info.plist;
				LD_RUNPATH_SEARCH_PATHS = (
					"$(inherited)",
					"@executable_path/Frameworks",
				);
				PRODUCT_BUNDLE_IDENTIFIER = jp.techacademy.hirotaka.matsumoto.Instagram;
				PRODUCT_NAME = "$(TARGET_NAME)";
				SWIFT_VERSION = 4.2;
				TARGETED_DEVICE_FAMILY = 1;
			};
			name = Release;
		};
/* End XCBuildConfiguration section */

/* Begin XCConfigurationList section */
		F62352122148C10400C3FCF1 /* Build configuration list for PBXProject "Instagram" */ = {
			isa = XCConfigurationList;
			buildConfigurations = (
				F62352272148C10700C3FCF1 /* Debug */,
				F62352282148C10700C3FCF1 /* Release */,
			);
			defaultConfigurationIsVisible = 0;
			defaultConfigurationName = Release;
		};
		F62352292148C10700C3FCF1 /* Build configuration list for PBXNativeTarget "Instagram" */ = {
			isa = XCConfigurationList;
			buildConfigurations = (
				F623522A2148C10700C3FCF1 /* Debug */,
				F623522B2148C10700C3FCF1 /* Release */,
			);
			defaultConfigurationIsVisible = 0;
			defaultConfigurationName = Release;
		};
/* End XCConfigurationList section */
	};
	rootObject = F623520F2148C10400C3FCF1 /* Project object */;
}
